
Microsoft Visual Studio Solution File, Format Version 12.00
# Visual Studio 15
Project("{FAE04EC0-301F-11D3-BF4B-00C04F79EFBC}") = "crud_todo_rest_api_netcore", "crud_todo_rest_api_netcore\crud_todo_rest_api_netcore.csproj", "{7D141025-E89E-4ED6-BBFC-830FA1F97FBA}"
EndProject
Global
	GlobalSection(SolutionConfigurationPlatforms) = preSolution
		Debug|Any CPU = Debug|Any CPU
		Release|Any CPU = Release|Any CPU
	EndGlobalSection
	GlobalSection(ProjectConfigurationPlatforms) = postSolution
		{7D141025-E89E-4ED6-BBFC-830FA1F97FBA}.Debug|Any CPU.ActiveCfg = Debug|Any CPU
		{7D141025-E89E-4ED6-BBFC-830FA1F97FBA}.Debug|Any CPU.Build.0 = Debug|Any CPU
		{7D141025-E89E-4ED6-BBFC-830FA1F97FBA}.Release|Any CPU.ActiveCfg = Release|Any CPU
		{7D141025-E89E-4ED6-BBFC-830FA1F97FBA}.Release|Any CPU.Build.0 = Release|Any CPU
	EndGlobalSection
EndGlobal
